
Microsoft Visual Studio Solution File, Format Version 12.00
# Visual Studio Version 17
VisualStudioVersion = 17.11.35431.28
MinimumVisualStudioVersion = 10.0.40219.1
Project("{9A19103F-16F7-4668-BE54-9A1E7A4F7556}") = "CallSupport", "CallSupport\CallSupport.csproj", "{0EBB1FCD-8C7C-467F-9D06-7F3CF158F4C4}"
EndProject
Project("{2150E333-8FDC-42A3-9474-1A3956D46DE8}") = "Solution Items", "Solution Items", "{F7F36477-26B2-4861-8963-3B628B05C613}"
	ProjectSection(SolutionItems) = preProject
		.gitignore = .gitignore
		note.txt = note.txt
		Scaffold-Command.txt = Scaffold-Command.txt
	EndProjectSection
EndProject
Global
	GlobalSection(SolutionConfigurationPlatforms) = preSolution
		Debug|Any CPU = Debug|Any CPU
		Release|Any CPU = Release|Any CPU
	EndGlobalSection
	GlobalSection(ProjectConfigurationPlatforms) = postSolution
		{0EBB1FCD-8C7C-467F-9D06-7F3CF158F4C4}.Debug|Any CPU.ActiveCfg = Debug|Any CPU
		{0EBB1FCD-8C7C-467F-9D06-7F3CF158F4C4}.Debug|Any CPU.Build.0 = Debug|Any CPU
		{0EBB1FCD-8C7C-467F-9D06-7F3CF158F4C4}.Release|Any CPU.ActiveCfg = Release|Any CPU
		{0EBB1FCD-8C7C-467F-9D06-7F3CF158F4C4}.Release|Any CPU.Build.0 = Release|Any CPU
	EndGlobalSection
	GlobalSection(SolutionProperties) = preSolution
		HideSolutionNode = FALSE
	EndGlobalSection
	GlobalSection(ExtensibilityGlobals) = postSolution
		SolutionGuid = {DF4B2DA8-AD35-47AB-9D22-7DAC98C2EC67}
	EndGlobalSection
EndGlobal
